<?xml version="1.0" encoding="utf-8"?>
<Project ToolsVersion="4.0" xmlns="http://schemas.microsoft.com/developer/msbuild/2003">
  <ItemGroup>
    <Filter Include="源文件">
      <UniqueIdentifier>{4FC737F1-C7A5-4376-A066-2A32D752A2FF}</UniqueIdentifier>
      <Extensions>cpp;c;cc;cxx;def;odl;idl;hpj;bat;asm;asmx</Extensions>
    </Filter>
    <Filter Include="头文件">
      <UniqueIdentifier>{93995380-89BD-4b04-88EB-625FBE52EBFB}</UniqueIdentifier>
      <Extensions>h;hh;hpp;hxx;hm;inl;inc;ipp;xsd</Extensions>
    </Filter>
    <Filter Include="资源文件">
      <UniqueIdentifier>{67DA6AB6-F800-4c08-8B7A-83BB121AAD01}</UniqueIdentifier>
      <Extensions>rc;ico;cur;bmp;dlg;rc2;rct;bin;rgs;gif;jpg;jpeg;jpe;resx;tiff;tif;png;wav;mfcribbon-ms</Extensions>
    </Filter>
    <Filter Include="dexode">
      <UniqueIdentifier>{4b98b7aa-6866-49c3-b128-3aea2932038a}</UniqueIdentifier>
    </Filter>
  </ItemGroup>
  <ItemGroup>
    <None Include="..\Shader\rendershadow.frag.glsl">
      <Filter>资源文件</Filter>
    </None>
    <None Include="..\Shader\rendershadow.vert.glsl">
      <Filter>资源文件</Filter>
    </None>
    <None Include="..\Shader\useshadow.frag.glsl">
      <Filter>资源文件</Filter>
    </None>
    <None Include="..\Shader\useshadow.vert.glsl">
      <Filter>资源文件</Filter>
    </None>
    <None Include="..\Shader\filldraw.frag.glsl">
      <Filter>资源文件</Filter>
    </None>
    <None Include="..\Shader\filldraw.vert.glsl">
      <Filter>资源文件</Filter>
    </None>
    <None Include="..\Shader\default.frag.glsl">
      <Filter>资源文件</Filter>
    </None>
    <None Include="..\Shader\default.vert.glsl">
      <Filter>资源文件</Filter>
    </None>
    <None Include="..\Shader\texture.frag.glsl">
      <Filter>资源文件</Filter>
    </None>
    <None Include="..\Shader\texture.vert.glsl">
      <Filter>资源文件</Filter>
    </None>
  </ItemGroup>
  <ItemGroup>
    <ClCompile Include="2d\DrawBoxNode.cpp">
      <Filter>源文件</Filter>
    </ClCompile>
    <ClCompile Include="2d\FillDrawNode.cpp">
      <Filter>源文件</Filter>
    </ClCompile>
    <ClCompile Include="2d\Node.cpp">
      <Filter>源文件</Filter>
    </ClCompile>
    <ClCompile Include="2d\TextureNode.cpp">
      <Filter>源文件</Filter>
    </ClCompile>
    <ClCompile Include="base\Shader.cpp">
      <Filter>源文件</Filter>
    </ClCompile>
    <ClCompile Include="control\TextureController.cpp">
      <Filter>源文件</Filter>
    </ClCompile>
    <ClCompile Include="EgameController.cpp">
      <Filter>源文件</Filter>
    </ClCompile>
    <ClCompile Include="GameApp.cpp">
      <Filter>源文件</Filter>
    </ClCompile>
    <ClCompile Include="GameStart.cpp">
      <Filter>源文件</Filter>
    </ClCompile>
    <ClCompile Include="openglGame.cpp">
      <Filter>源文件</Filter>
    </ClCompile>
    <ClCompile Include="..\dexode\eventbus\perk\PassPerk.cpp">
      <Filter>dexode</Filter>
    </ClCompile>
    <ClCompile Include="..\dexode\eventbus\perk\Perk.cpp">
      <Filter>dexode</Filter>
    </ClCompile>
    <ClCompile Include="..\dexode\eventbus\perk\PerkEventBus.cpp">
      <Filter>dexode</Filter>
    </ClCompile>
    <ClCompile Include="..\dexode\eventbus\perk\TagPerk.cpp">
      <Filter>dexode</Filter>
    </ClCompile>
    <ClCompile Include="..\dexode\eventbus\perk\WaitPerk.cpp">
      <Filter>dexode</Filter>
    </ClCompile>
    <ClCompile Include="..\dexode\EventBus.cpp">
      <Filter>dexode</Filter>
    </ClCompile>
    <ClCompile Include="base\ControllerBase.cpp">
      <Filter>源文件</Filter>
    </ClCompile>
    <ClCompile Include="control\TimerController.cpp">
      <Filter>源文件</Filter>
    </ClCompile>
  </ItemGroup>
  <ItemGroup>
    <ClInclude Include="2d\DrawBoxNode.h">
      <Filter>头文件</Filter>
    </ClInclude>
    <ClInclude Include="2d\FillDrawNode.h">
      <Filter>头文件</Filter>
    </ClInclude>
    <ClInclude Include="2d\Node.h">
      <Filter>头文件</Filter>
    </ClInclude>
    <ClInclude Include="2d\TextureNode.h">
      <Filter>头文件</Filter>
    </ClInclude>
    <ClInclude Include="base\Shader.h">
      <Filter>头文件</Filter>
    </ClInclude>
    <ClInclude Include="base\Singleton.h">
      <Filter>头文件</Filter>
    </ClInclude>
    <ClInclude Include="base\Size.h">
      <Filter>头文件</Filter>
    </ClInclude>
    <ClInclude Include="base\Vector2.h">
      <Filter>头文件</Filter>
    </ClInclude>
    <ClInclude Include="base\Vector3.h">
      <Filter>头文件</Filter>
    </ClInclude>
    <ClInclude Include="base\Vector4.h">
      <Filter>头文件</Filter>
    </ClInclude>
    <ClInclude Include="control\TextureController.h">
      <Filter>头文件</Filter>
    </ClInclude>
    <ClInclude Include="EgameController.h">
      <Filter>头文件</Filter>
    </ClInclude>
    <ClInclude Include="GameApp.h">
      <Filter>头文件</Filter>
    </ClInclude>
    <ClInclude Include="GameStart.h">
      <Filter>头文件</Filter>
    </ClInclude>
    <ClInclude Include="ShaderFiles.h">
      <Filter>头文件</Filter>
    </ClInclude>
    <ClInclude Include="..\dexode\eventbus\Bus.hpp">
      <Filter>dexode</Filter>
    </ClInclude>
    <ClInclude Include="..\dexode\eventbus\internal\event_id.hpp">
      <Filter>dexode</Filter>
    </ClInclude>
    <ClInclude Include="..\dexode\eventbus\internal\ListenerAttorney.hpp">
      <Filter>dexode</Filter>
    </ClInclude>
    <ClInclude Include="..\dexode\eventbus\internal\listener_traits.hpp">
      <Filter>dexode</Filter>
    </ClInclude>
    <ClInclude Include="..\dexode\eventbus\Listener.hpp">
      <Filter>dexode</Filter>
    </ClInclude>
    <ClInclude Include="..\dexode\eventbus\perk\PassPerk.hpp">
      <Filter>dexode</Filter>
    </ClInclude>
    <ClInclude Include="..\dexode\eventbus\perk\Perk.hpp">
      <Filter>dexode</Filter>
    </ClInclude>
    <ClInclude Include="..\dexode\eventbus\perk\PerkEventBus.hpp">
      <Filter>dexode</Filter>
    </ClInclude>
    <ClInclude Include="..\dexode\eventbus\perk\TagPerk.hpp">
      <Filter>dexode</Filter>
    </ClInclude>
    <ClInclude Include="..\dexode\eventbus\perk\WaitPerk.hpp">
      <Filter>dexode</Filter>
    </ClInclude>
    <ClInclude Include="..\dexode\eventbus\permission\PostponeBus.hpp">
      <Filter>dexode</Filter>
    </ClInclude>
    <ClInclude Include="..\dexode\eventbus\stream\EventStream.hpp">
      <Filter>dexode</Filter>
    </ClInclude>
    <ClInclude Include="..\dexode\eventbus\stream\ProtectedEventStream.hpp">
      <Filter>dexode</Filter>
    </ClInclude>
    <ClInclude Include="..\dexode\EventBus.hpp">
      <Filter>dexode</Filter>
    </ClInclude>
    <ClInclude Include="GameEvent.h">
      <Filter>头文件</Filter>
    </ClInclude>
    <ClInclude Include="base\ControllerBase.hpp">
      <Filter>头文件</Filter>
    </ClInclude>
    <ClInclude Include="control\TimerController.h">
      <Filter>头文件</Filter>
    </ClInclude>
  </ItemGroup>
</Project>