<?xml version="1.0" encoding="utf-8"?>
<Project ToolsVersion="4.0" xmlns="http://schemas.microsoft.com/developer/msbuild/2003">
  <ItemGroup>
    <Filter Include="源文件">
      <UniqueIdentifier>{4FC737F1-C7A5-4376-A066-2A32D752A2FF}</UniqueIdentifier>
      <Extensions>cpp;c;cc;cxx;def;odl;idl;hpj;bat;asm;asmx</Extensions>
    </Filter>
    <Filter Include="资源文件">
      <UniqueIdentifier>{67DA6AB6-F800-4c08-8B7A-83BB121AAD01}</UniqueIdentifier>
      <Extensions>rc;ico;cur;bmp;dlg;rc2;rct;bin;rgs;gif;jpg;jpeg;jpe;resx;tiff;tif;png;wav;mfcribbon-ms</Extensions>
    </Filter>
    <Filter Include="dexode">
      <UniqueIdentifier>{4b98b7aa-6866-49c3-b128-3aea2932038a}</UniqueIdentifier>
    </Filter>
    <Filter Include="头文件">
      <UniqueIdentifier>{93995380-89BD-4b04-88EB-625FBE52EBFB}</UniqueIdentifier>
      <Extensions>h;hh;hpp;hxx;hm;inl;inc;ipp;xsd</Extensions>
    </Filter>
  </ItemGroup>
  <ItemGroup>
    <None Include="..\Shader\filldraw.frag.glsl">
      <Filter>资源文件</Filter>
    </None>
    <None Include="..\Shader\filldraw.vert.glsl">
      <Filter>资源文件</Filter>
    </None>
    <None Include="..\Shader\texture.frag.glsl">
      <Filter>资源文件</Filter>
    </None>
    <None Include="..\Shader\texture.vert.glsl">
      <Filter>资源文件</Filter>
    </None>
  </ItemGroup>
  <ItemGroup>
    <ClCompile Include="2d\DrawBoxNode.cpp">
      <Filter>源文件</Filter>
    </ClCompile>
    <ClCompile Include="2d\Node.cpp">
      <Filter>源文件</Filter>
    </ClCompile>
    <ClCompile Include="base\Shader.cpp">
      <Filter>源文件</Filter>
    </ClCompile>
    <ClCompile Include="control\TextureController.cpp">
      <Filter>源文件</Filter>
    </ClCompile>
    <ClCompile Include="EgameController.cpp">
      <Filter>源文件</Filter>
    </ClCompile>
    <ClCompile Include="GameApp.cpp">
      <Filter>源文件</Filter>
    </ClCompile>
    <ClCompile Include="GameStart.cpp">
      <Filter>源文件</Filter>
    </ClCompile>
    <ClCompile Include="openglGame.cpp">
      <Filter>源文件</Filter>
    </ClCompile>
    <ClCompile Include="..\dexode\eventbus\perk\PassPerk.cpp">
      <Filter>dexode</Filter>
    </ClCompile>
    <ClCompile Include="..\dexode\eventbus\perk\Perk.cpp">
      <Filter>dexode</Filter>
    </ClCompile>
    <ClCompile Include="..\dexode\eventbus\perk\PerkEventBus.cpp">
      <Filter>dexode</Filter>
    </ClCompile>
    <ClCompile Include="..\dexode\eventbus\perk\TagPerk.cpp">
      <Filter>dexode</Filter>
    </ClCompile>
    <ClCompile Include="..\dexode\eventbus\perk\WaitPerk.cpp">
      <Filter>dexode</Filter>
    </ClCompile>
    <ClCompile Include="..\dexode\EventBus.cpp">
      <Filter>dexode</Filter>
    </ClCompile>
    <ClCompile Include="base\ControllerBase.cpp">
      <Filter>源文件</Filter>
    </ClCompile>
    <ClCompile Include="control\TimerController.cpp">
      <Filter>源文件</Filter>
    </ClCompile>
    <ClCompile Include="GameUI.cpp">
      <Filter>源文件</Filter>
    </ClCompile>
    <ClCompile Include="control\FontController.cpp">
      <Filter>源文件</Filter>
    </ClCompile>
    <ClCompile Include="control\TableController.cpp">
      <Filter>源文件</Filter>
    </ClCompile>
    <ClCompile Include="2d\Object.cpp">
      <Filter>源文件</Filter>
    </ClCompile>
    <ClCompile Include="component\Component.cpp">
      <Filter>源文件</Filter>
    </ClCompile>
    <ClCompile Include="component\RanderComponent.cpp">
      <Filter>源文件</Filter>
    </ClCompile>
    <ClCompile Include="component\DrawRanderComponent.cpp">
      <Filter>源文件</Filter>
    </ClCompile>
    <ClCompile Include="component\TextureRanderComponent.cpp">
      <Filter>源文件</Filter>
    </ClCompile>
    <ClCompile Include="component\FontRanderComponent.cpp">
      <Filter>源文件</Filter>
    </ClCompile>
    <ClCompile Include="component\AreaComponent.cpp">
      <Filter>源文件</Filter>
    </ClCompile>
    <ClCompile Include="component\OutlineBoxComponent.cpp">
      <Filter>源文件</Filter>
    </ClCompile>
    <ClCompile Include="component\MouseComponent.cpp">
      <Filter>源文件</Filter>
    </ClCompile>
    <ClCompile Include="control\MouseController.cpp">
      <Filter>源文件</Filter>
    </ClCompile>
    <ClCompile Include="2d\Button.cpp">
      <Filter>源文件</Filter>
    </ClCompile>
    <ClCompile Include="2d\Text.cpp">
      <Filter>源文件</Filter>
    </ClCompile>
    <ClCompile Include="component\EventComponent.cpp">
      <Filter>源文件</Filter>
    </ClCompile>
    <ClCompile Include="control\KeyboardController.cpp">
      <Filter>源文件</Filter>
    </ClCompile>
    <ClCompile Include="Game2DFight\GameMainFight.cpp">
      <Filter>源文件</Filter>
    </ClCompile>
    <ClCompile Include="Game2DFight\Actor.cpp">
      <Filter>源文件</Filter>
    </ClCompile>
    <ClCompile Include="Game2DFight\StateMachine.cpp">
      <Filter>源文件</Filter>
    </ClCompile>
    <ClCompile Include="component\ActorOIComponent.cpp">
      <Filter>源文件</Filter>
    </ClCompile>
    <ClCompile Include="component\ActorMoveComponent.cpp">
      <Filter>源文件</Filter>
    </ClCompile>
    <ClCompile Include="component\ActorTipsComponent.cpp">
      <Filter>源文件</Filter>
    </ClCompile>
    <ClCompile Include="Game2DFight\Bullet.cpp">
      <Filter>源文件</Filter>
    </ClCompile>
    <ClCompile Include="component\BulletComponent\BulletMoveComponent.cpp">
      <Filter>源文件</Filter>
    </ClCompile>
    <ClCompile Include="component\BulletComponent\BMCComponentS2.cpp">
      <Filter>源文件</Filter>
    </ClCompile>
    <ClCompile Include="component\BulletComponent\BMCComponentS3.cpp">
      <Filter>源文件</Filter>
    </ClCompile>
    <ClCompile Include="component\BulletComponent\BMCComponentS1.cpp">
      <Filter>源文件</Filter>
    </ClCompile>
    <ClCompile Include="component\BulletComponent\BMCComponentK.cpp">
      <Filter>源文件</Filter>
    </ClCompile>
    <ClCompile Include="component\BulletComponent\BMCComponentS.cpp">
      <Filter>源文件</Filter>
    </ClCompile>
    <ClCompile Include="component\BulletComponent\BMCComponent.cpp">
      <Filter>源文件</Filter>
    </ClCompile>
    <ClCompile Include="component\BulletComponent\BMCComponentM.cpp">
      <Filter>源文件</Filter>
    </ClCompile>
    <ClCompile Include="control\CollisionController.cpp">
      <Filter>源文件</Filter>
    </ClCompile>
    <ClCompile Include="control\ComponentController.cpp">
      <Filter>源文件</Filter>
    </ClCompile>
    <ClCompile Include="component\ConllisionComponent\CollisionBulletComponent.cpp">
      <Filter>源文件</Filter>
    </ClCompile>
    <ClCompile Include="component\ConllisionComponent\CollisionComponent.cpp">
      <Filter>源文件</Filter>
    </ClCompile>
    <ClCompile Include="component\ConllisionComponent\CollisionActorComponent.cpp">
      <Filter>源文件</Filter>
    </ClCompile>
    <ClCompile Include="component\ActorAIComponent.cpp">
      <Filter>源文件</Filter>
    </ClCompile>
    <ClCompile Include="component\ActorStateComponent.cpp">
      <Filter>源文件</Filter>
    </ClCompile>
    <ClCompile Include="component\BulletStateComponent.cpp">
      <Filter>源文件</Filter>
    </ClCompile>
    <ClCompile Include="2d\DrawProgress.cpp">
      <Filter>源文件</Filter>
    </ClCompile>
  </ItemGroup>
  <ItemGroup>
    <ClInclude Include="2d\DrawBoxNode.h">
      <Filter>头文件</Filter>
    </ClInclude>
    <ClInclude Include="2d\Node.h">
      <Filter>头文件</Filter>
    </ClInclude>
    <ClInclude Include="base\Shader.h">
      <Filter>头文件</Filter>
    </ClInclude>
    <ClInclude Include="base\Singleton.h">
      <Filter>头文件</Filter>
    </ClInclude>
    <ClInclude Include="base\Size.h">
      <Filter>头文件</Filter>
    </ClInclude>
    <ClInclude Include="base\Vector2.h">
      <Filter>头文件</Filter>
    </ClInclude>
    <ClInclude Include="base\Vector3.h">
      <Filter>头文件</Filter>
    </ClInclude>
    <ClInclude Include="base\Vector4.h">
      <Filter>头文件</Filter>
    </ClInclude>
    <ClInclude Include="control\TextureController.h">
      <Filter>头文件</Filter>
    </ClInclude>
    <ClInclude Include="EgameController.h">
      <Filter>头文件</Filter>
    </ClInclude>
    <ClInclude Include="GameApp.h">
      <Filter>头文件</Filter>
    </ClInclude>
    <ClInclude Include="GameStart.h">
      <Filter>头文件</Filter>
    </ClInclude>
    <ClInclude Include="ShaderFiles.h">
      <Filter>头文件</Filter>
    </ClInclude>
    <ClInclude Include="..\dexode\eventbus\Bus.hpp">
      <Filter>dexode</Filter>
    </ClInclude>
    <ClInclude Include="..\dexode\eventbus\internal\event_id.hpp">
      <Filter>dexode</Filter>
    </ClInclude>
    <ClInclude Include="..\dexode\eventbus\internal\ListenerAttorney.hpp">
      <Filter>dexode</Filter>
    </ClInclude>
    <ClInclude Include="..\dexode\eventbus\internal\listener_traits.hpp">
      <Filter>dexode</Filter>
    </ClInclude>
    <ClInclude Include="..\dexode\eventbus\Listener.hpp">
      <Filter>dexode</Filter>
    </ClInclude>
    <ClInclude Include="..\dexode\eventbus\perk\PassPerk.hpp">
      <Filter>dexode</Filter>
    </ClInclude>
    <ClInclude Include="..\dexode\eventbus\perk\Perk.hpp">
      <Filter>dexode</Filter>
    </ClInclude>
    <ClInclude Include="..\dexode\eventbus\perk\PerkEventBus.hpp">
      <Filter>dexode</Filter>
    </ClInclude>
    <ClInclude Include="..\dexode\eventbus\perk\TagPerk.hpp">
      <Filter>dexode</Filter>
    </ClInclude>
    <ClInclude Include="..\dexode\eventbus\perk\WaitPerk.hpp">
      <Filter>dexode</Filter>
    </ClInclude>
    <ClInclude Include="..\dexode\eventbus\permission\PostponeBus.hpp">
      <Filter>dexode</Filter>
    </ClInclude>
    <ClInclude Include="..\dexode\eventbus\stream\EventStream.hpp">
      <Filter>dexode</Filter>
    </ClInclude>
    <ClInclude Include="..\dexode\eventbus\stream\ProtectedEventStream.hpp">
      <Filter>dexode</Filter>
    </ClInclude>
    <ClInclude Include="..\dexode\EventBus.hpp">
      <Filter>dexode</Filter>
    </ClInclude>
    <ClInclude Include="GameEvent.h">
      <Filter>头文件</Filter>
    </ClInclude>
    <ClInclude Include="base\ControllerBase.hpp">
      <Filter>头文件</Filter>
    </ClInclude>
    <ClInclude Include="control\TimerController.h">
      <Filter>头文件</Filter>
    </ClInclude>
    <ClInclude Include="2d\VertexBuffers.hpp">
      <Filter>头文件</Filter>
    </ClInclude>
    <ClInclude Include="GameUI.h">
      <Filter>头文件</Filter>
    </ClInclude>
    <ClInclude Include="control\FontController.h">
      <Filter>头文件</Filter>
    </ClInclude>
    <ClInclude Include="control\TableController.h">
      <Filter>头文件</Filter>
    </ClInclude>
    <ClInclude Include="tables\ItemTable.h">
      <Filter>头文件</Filter>
    </ClInclude>
    <ClInclude Include="component\Component.hpp">
      <Filter>头文件</Filter>
    </ClInclude>
    <ClInclude Include="component\RanderComponent.h">
      <Filter>头文件</Filter>
    </ClInclude>
    <ClInclude Include="component\DrawRanderComponent.h">
      <Filter>头文件</Filter>
    </ClInclude>
    <ClInclude Include="component\ComponentUtils.h">
      <Filter>头文件</Filter>
    </ClInclude>
    <ClInclude Include="component\TextureRanderComponent.h">
      <Filter>头文件</Filter>
    </ClInclude>
    <ClInclude Include="component\FontRanderComponent.h">
      <Filter>头文件</Filter>
    </ClInclude>
    <ClInclude Include="2d\Object.hpp">
      <Filter>头文件</Filter>
    </ClInclude>
    <ClInclude Include="component\AreaComponent.h">
      <Filter>头文件</Filter>
    </ClInclude>
    <ClInclude Include="component\OutlineBoxComponent.h">
      <Filter>头文件</Filter>
    </ClInclude>
    <ClInclude Include="component\MouseComponent.h">
      <Filter>头文件</Filter>
    </ClInclude>
    <ClInclude Include="control\MouseController.h">
      <Filter>头文件</Filter>
    </ClInclude>
    <ClInclude Include="2d\Button.h">
      <Filter>头文件</Filter>
    </ClInclude>
    <ClInclude Include="2d\Text.h">
      <Filter>头文件</Filter>
    </ClInclude>
    <ClInclude Include="component\EventComponent.h">
      <Filter>头文件</Filter>
    </ClInclude>
    <ClInclude Include="control\KeyboardController.h">
      <Filter>头文件</Filter>
    </ClInclude>
    <ClInclude Include="Game2DFight\GameMainFight.h">
      <Filter>头文件</Filter>
    </ClInclude>
    <ClInclude Include="Game2DFight\StateMachine.h">
      <Filter>头文件</Filter>
    </ClInclude>
    <ClInclude Include="Game2DFight\Actor.h">
      <Filter>头文件</Filter>
    </ClInclude>
    <ClInclude Include="component\ActorOIComponent.h">
      <Filter>头文件</Filter>
    </ClInclude>
    <ClInclude Include="component\ActorMoveComponent.h">
      <Filter>头文件</Filter>
    </ClInclude>
    <ClInclude Include="component\ActorTipsComponent.h">
      <Filter>头文件</Filter>
    </ClInclude>
    <ClInclude Include="Game2DFight\Bullet.h">
      <Filter>头文件</Filter>
    </ClInclude>
    <ClInclude Include="component\BulletComponent\BulletMoveComponent.h">
      <Filter>头文件</Filter>
    </ClInclude>
    <ClInclude Include="base\TreeFour.h">
      <Filter>头文件</Filter>
    </ClInclude>
    <ClInclude Include="component\BulletComponent\BMCComponentS1.h">
      <Filter>头文件</Filter>
    </ClInclude>
    <ClInclude Include="component\BulletComponent\BMCComponentS2.h">
      <Filter>头文件</Filter>
    </ClInclude>
    <ClInclude Include="component\BulletComponent\BMCComponentS3.h">
      <Filter>头文件</Filter>
    </ClInclude>
    <ClInclude Include="component\BulletComponent\BMCComponent.h">
      <Filter>头文件</Filter>
    </ClInclude>
    <ClInclude Include="component\BulletComponent\BMCComponentK.h">
      <Filter>头文件</Filter>
    </ClInclude>
    <ClInclude Include="component\BulletComponent\BMCComponentS.h">
      <Filter>头文件</Filter>
    </ClInclude>
    <ClInclude Include="component\BulletComponent\BMCComponentM.h">
      <Filter>头文件</Filter>
    </ClInclude>
    <ClInclude Include="control\CollisionController.h">
      <Filter>头文件</Filter>
    </ClInclude>
    <ClInclude Include="base\QTreeBase.hpp">
      <Filter>头文件</Filter>
    </ClInclude>
    <ClInclude Include="base\Rect.h">
      <Filter>头文件</Filter>
    </ClInclude>
    <ClInclude Include="control\ComponentController.hpp">
      <Filter>头文件</Filter>
    </ClInclude>
    <ClInclude Include="component\ConllisionComponent\CollisionBulletComponent.h">
      <Filter>头文件</Filter>
    </ClInclude>
    <ClInclude Include="component\ConllisionComponent\CollisionComponent.h">
      <Filter>头文件</Filter>
    </ClInclude>
    <ClInclude Include="component\ConllisionComponent\CollisionActorComponent.h">
      <Filter>头文件</Filter>
    </ClInclude>
    <ClInclude Include="component\ActorAIComponent.h">
      <Filter>头文件</Filter>
    </ClInclude>
    <ClInclude Include="component\ActorStateComponent.h">
      <Filter>头文件</Filter>
    </ClInclude>
    <ClInclude Include="component\BulletStateComponent.h">
      <Filter>头文件</Filter>
    </ClInclude>
    <ClInclude Include="2d\DrawProgress.h">
      <Filter>头文件</Filter>
    </ClInclude>
  </ItemGroup>
</Project>